// !$*UTF8*$!
{
	archiveVersion = 1;
	classes = {
	};
	objectVersion = 46;
	objects = {

/* Begin PBXBuildFile section */
		9B00F3039823FEA3769E8A94 /* libPods-NIPlayer.a in Frameworks */ = {isa = PBXBuildFile; fileRef = D93917337B905F823F762552 /* libPods-NIPlayer.a */; };
		B80AAA521EF3860200A94280 /* TabBarController.m in Sources */ = {isa = PBXBuildFile; fileRef = B80AAA511EF3860200A94280 /* TabBarController.m */; };
		B80AAA561EF3869200A94280 /* BaseViewController.m in Sources */ = {isa = PBXBuildFile; fileRef = B80AAA551EF3869200A94280 /* BaseViewController.m */; };
		B80AAA591EF3876800A94280 /* BaseNavController.m in Sources */ = {isa = PBXBuildFile; fileRef = B80AAA581EF3876800A94280 /* BaseNavController.m */; };
		B80AAA5E1EF388EA00A94280 /* HomeViewController.m in Sources */ = {isa = PBXBuildFile; fileRef = B80AAA5D1EF388EA00A94280 /* HomeViewController.m */; };
		B80AAA641EF38A2000A94280 /* HttpRequest.m in Sources */ = {isa = PBXBuildFile; fileRef = B80AAA631EF38A2000A94280 /* HttpRequest.m */; };
		B80AAA691EF38D6500A94280 /* HomeTableViewCell.m in Sources */ = {isa = PBXBuildFile; fileRef = B80AAA681EF38D6500A94280 /* HomeTableViewCell.m */; };
		B80AAA6D1EF38F5000A94280 /* HomeVideoModel.m in Sources */ = {isa = PBXBuildFile; fileRef = B80AAA6C1EF38F5000A94280 /* HomeVideoModel.m */; };
		B80AAA6F1EF390AD00A94280 /* play.png in Resources */ = {isa = PBXBuildFile; fileRef = B80AAA6E1EF390AD00A94280 /* play.png */; };
		B80AAA721EF3D08900A94280 /* VideoViewController.m in Sources */ = {isa = PBXBuildFile; fileRef = B80AAA711EF3D08900A94280 /* VideoViewController.m */; };
		B80AAA761EF3D2D300A94280 /* PlayViewController.m in Sources */ = {isa = PBXBuildFile; fileRef = B80AAA751EF3D2D300A94280 /* PlayViewController.m */; };
		B80AAA781EF3D56E00A94280 /* local_one.mp4 in Resources */ = {isa = PBXBuildFile; fileRef = B80AAA771EF3D56E00A94280 /* local_one.mp4 */; };
		B8C48DA71EE962920066BCC5 /* NIBrightnessView.m in Sources */ = {isa = PBXBuildFile; fileRef = B8C48DA61EE962920066BCC5 /* NIBrightnessView.m */; };
		B8CAD2BF1EE118FB00E99BD1 /* NIPlayer.bundle in Resources */ = {isa = PBXBuildFile; fileRef = B8CAD2BE1EE118FB00E99BD1 /* NIPlayer.bundle */; };
		B8F1B5BC1EE07470004A1E26 /* main.m in Sources */ = {isa = PBXBuildFile; fileRef = B8F1B5BB1EE07470004A1E26 /* main.m */; };
		B8F1B5BF1EE07470004A1E26 /* AppDelegate.m in Sources */ = {isa = PBXBuildFile; fileRef = B8F1B5BE1EE07470004A1E26 /* AppDelegate.m */; };
		B8F1B5C51EE07470004A1E26 /* Main.storyboard in Resources */ = {isa = PBXBuildFile; fileRef = B8F1B5C31EE07470004A1E26 /* Main.storyboard */; };
		B8F1B5C71EE07470004A1E26 /* Assets.xcassets in Resources */ = {isa = PBXBuildFile; fileRef = B8F1B5C61EE07470004A1E26 /* Assets.xcassets */; };
		B8F1B5CA1EE07470004A1E26 /* LaunchScreen.storyboard in Resources */ = {isa = PBXBuildFile; fileRef = B8F1B5C81EE07470004A1E26 /* LaunchScreen.storyboard */; };
		B8F1B5E61EE074B8004A1E26 /* NIAVPlayer.m in Sources */ = {isa = PBXBuildFile; fileRef = B8F1B5D31EE074B8004A1E26 /* NIAVPlayer.m */; };
		B8F1B5E71EE074B8004A1E26 /* NIPlayer.m in Sources */ = {isa = PBXBuildFile; fileRef = B8F1B5D51EE074B8004A1E26 /* NIPlayer.m */; };
		B8F1B5E81EE074B8004A1E26 /* NIPlayerControl.m in Sources */ = {isa = PBXBuildFile; fileRef = B8F1B5D71EE074B8004A1E26 /* NIPlayerControl.m */; };
		B8F1B5E91EE074B8004A1E26 /* NIPlayerSlider.m in Sources */ = {isa = PBXBuildFile; fileRef = B8F1B5D91EE074B8004A1E26 /* NIPlayerSlider.m */; };
		B8F6AA6A1EF44A1100FEA205 /* tabbar_home_HL@2x.png in Resources */ = {isa = PBXBuildFile; fileRef = B8F6AA661EF44A1100FEA205 /* tabbar_home_HL@2x.png */; };
		B8F6AA6B1EF44A1100FEA205 /* tabbar_home_HL@3x.png in Resources */ = {isa = PBXBuildFile; fileRef = B8F6AA671EF44A1100FEA205 /* tabbar_home_HL@3x.png */; };
		B8F6AA6C1EF44A1100FEA205 /* tabbar_home@2x.png in Resources */ = {isa = PBXBuildFile; fileRef = B8F6AA681EF44A1100FEA205 /* tabbar_home@2x.png */; };
		B8F6AA6D1EF44A1100FEA205 /* tabbar_home@3x.png in Resources */ = {isa = PBXBuildFile; fileRef = B8F6AA691EF44A1100FEA205 /* tabbar_home@3x.png */; };
		B8F6AA721EF44C8900FEA205 /* tabbar_video_HL@2x.png in Resources */ = {isa = PBXBuildFile; fileRef = B8F6AA6E1EF44C8900FEA205 /* tabbar_video_HL@2x.png */; };
		B8F6AA731EF44C8900FEA205 /* tabbar_video_HL@3x.png in Resources */ = {isa = PBXBuildFile; fileRef = B8F6AA6F1EF44C8900FEA205 /* tabbar_video_HL@3x.png */; };
		B8F6AA741EF44C8900FEA205 /* tabbar_video@2x.png in Resources */ = {isa = PBXBuildFile; fileRef = B8F6AA701EF44C8900FEA205 /* tabbar_video@2x.png */; };
		B8F6AA751EF44C8900FEA205 /* tabbar_video@3x.png in Resources */ = {isa = PBXBuildFile; fileRef = B8F6AA711EF44C8900FEA205 /* tabbar_video@3x.png */; };
		B8F6AA851EF455EE00FEA205 /* NSDate+NI_time.m in Sources */ = {isa = PBXBuildFile; fileRef = B8F6AA781EF455EE00FEA205 /* NSDate+NI_time.m */; };
		B8F6AA861EF455EE00FEA205 /* UIButton+Create.m in Sources */ = {isa = PBXBuildFile; fileRef = B8F6AA7A1EF455EE00FEA205 /* UIButton+Create.m */; };
		B8F6AA871EF455EE00FEA205 /* UIImage+NI_Extension.m in Sources */ = {isa = PBXBuildFile; fileRef = B8F6AA7C1EF455EE00FEA205 /* UIImage+NI_Extension.m */; };
		B8F6AA881EF455EE00FEA205 /* UILabel+Create.m in Sources */ = {isa = PBXBuildFile; fileRef = B8F6AA7E1EF455EE00FEA205 /* UILabel+Create.m */; };
		B8F6AA891EF455EE00FEA205 /* UINavigationController+NI_allowRote.m in Sources */ = {isa = PBXBuildFile; fileRef = B8F6AA801EF455EE00FEA205 /* UINavigationController+NI_allowRote.m */; };
		B8F6AA8A1EF455EE00FEA205 /* UITabBarController+NI_allRote.m in Sources */ = {isa = PBXBuildFile; fileRef = B8F6AA821EF455EE00FEA205 /* UITabBarController+NI_allRote.m */; };
		B8F6AA8B1EF455EE00FEA205 /* UIView+NI_superVC.m in Sources */ = {isa = PBXBuildFile; fileRef = B8F6AA841EF455EE00FEA205 /* UIView+NI_superVC.m */; };
/* End PBXBuildFile section */

/* Begin PBXFileReference section */
		5A34C09D930CEECE98A98447 /* Pods-NIPlayer.release.xcconfig */ = {isa = PBXFileReference; includeInIndex = 1; lastKnownFileType = text.xcconfig; name = "Pods-NIPlayer.release.xcconfig"; path = "Pods/Target Support Files/Pods-NIPlayer/Pods-NIPlayer.release.xcconfig"; sourceTree = "<group>"; };
		B80AAA501EF3860200A94280 /* TabBarController.h */ = {isa = PBXFileReference; fileEncoding = 4; lastKnownFileType = sourcecode.c.h; path = TabBarController.h; sourceTree = "<group>"; };
		B80AAA511EF3860200A94280 /* TabBarController.m */ = {isa = PBXFileReference; fileEncoding = 4; lastKnownFileType = sourcecode.c.objc; path = TabBarController.m; sourceTree = "<group>"; };
		B80AAA541EF3869200A94280 /* BaseViewController.h */ = {isa = PBXFileReference; fileEncoding = 4; lastKnownFileType = sourcecode.c.h; path = BaseViewController.h; sourceTree = "<group>"; };
		B80AAA551EF3869200A94280 /* BaseViewController.m */ = {isa = PBXFileReference; fileEncoding = 4; lastKnownFileType = sourcecode.c.objc; path = BaseViewController.m; sourceTree = "<group>"; };
		B80AAA571EF3876800A94280 /* BaseNavController.h */ = {isa = PBXFileReference; fileEncoding = 4; lastKnownFileType = sourcecode.c.h; path = BaseNavController.h; sourceTree = "<group>"; };
		B80AAA581EF3876800A94280 /* BaseNavController.m */ = {isa = PBXFileReference; fileEncoding = 4; lastKnownFileType = sourcecode.c.objc; path = BaseNavController.m; sourceTree = "<group>"; };
		B80AAA5C1EF388EA00A94280 /* HomeViewController.h */ = {isa = PBXFileReference; fileEncoding = 4; lastKnownFileType = sourcecode.c.h; path = HomeViewController.h; sourceTree = "<group>"; };
		B80AAA5D1EF388EA00A94280 /* HomeViewController.m */ = {isa = PBXFileReference; fileEncoding = 4; lastKnownFileType = sourcecode.c.objc; path = HomeViewController.m; sourceTree = "<group>"; };
		B80AAA621EF38A2000A94280 /* HttpRequest.h */ = {isa = PBXFileReference; fileEncoding = 4; lastKnownFileType = sourcecode.c.h; path = HttpRequest.h; sourceTree = "<group>"; };
		B80AAA631EF38A2000A94280 /* HttpRequest.m */ = {isa = PBXFileReference; fileEncoding = 4; lastKnownFileType = sourcecode.c.objc; path = HttpRequest.m; sourceTree = "<group>"; };
		B80AAA671EF38D6500A94280 /* HomeTableViewCell.h */ = {isa = PBXFileReference; fileEncoding = 4; lastKnownFileType = sourcecode.c.h; path = HomeTableViewCell.h; sourceTree = "<group>"; };
		B80AAA681EF38D6500A94280 /* HomeTableViewCell.m */ = {isa = PBXFileReference; fileEncoding = 4; lastKnownFileType = sourcecode.c.objc; path = HomeTableViewCell.m; sourceTree = "<group>"; };
		B80AAA6B1EF38F5000A94280 /* HomeVideoModel.h */ = {isa = PBXFileReference; fileEncoding = 4; lastKnownFileType = sourcecode.c.h; path = HomeVideoModel.h; sourceTree = "<group>"; };
		B80AAA6C1EF38F5000A94280 /* HomeVideoModel.m */ = {isa = PBXFileReference; fileEncoding = 4; lastKnownFileType = sourcecode.c.objc; path = HomeVideoModel.m; sourceTree = "<group>"; };
		B80AAA6E1EF390AD00A94280 /* play.png */ = {isa = PBXFileReference; lastKnownFileType = image.png; path = play.png; sourceTree = "<group>"; };
		B80AAA701EF3D08900A94280 /* VideoViewController.h */ = {isa = PBXFileReference; fileEncoding = 4; lastKnownFileType = sourcecode.c.h; path = VideoViewController.h; sourceTree = "<group>"; };
		B80AAA711EF3D08900A94280 /* VideoViewController.m */ = {isa = PBXFileReference; fileEncoding = 4; lastKnownFileType = sourcecode.c.objc; path = VideoViewController.m; sourceTree = "<group>"; };
		B80AAA741EF3D2D300A94280 /* PlayViewController.h */ = {isa = PBXFileReference; fileEncoding = 4; lastKnownFileType = sourcecode.c.h; path = PlayViewController.h; sourceTree = "<group>"; };
		B80AAA751EF3D2D300A94280 /* PlayViewController.m */ = {isa = PBXFileReference; fileEncoding = 4; lastKnownFileType = sourcecode.c.objc; path = PlayViewController.m; sourceTree = "<group>"; };
		B80AAA771EF3D56E00A94280 /* local_one.mp4 */ = {isa = PBXFileReference; lastKnownFileType = file; path = local_one.mp4; sourceTree = "<group>"; };
		B8C48DA51EE962920066BCC5 /* NIBrightnessView.h */ = {isa = PBXFileReference; fileEncoding = 4; lastKnownFileType = sourcecode.c.h; path = NIBrightnessView.h; sourceTree = "<group>"; };
		B8C48DA61EE962920066BCC5 /* NIBrightnessView.m */ = {isa = PBXFileReference; fileEncoding = 4; lastKnownFileType = sourcecode.c.objc; path = NIBrightnessView.m; sourceTree = "<group>"; };
		B8CAD2BE1EE118FB00E99BD1 /* NIPlayer.bundle */ = {isa = PBXFileReference; lastKnownFileType = "wrapper.plug-in"; path = NIPlayer.bundle; sourceTree = "<group>"; };
		B8CAD2C11EE11A7700E99BD1 /* NIPlayerMacro.h */ = {isa = PBXFileReference; fileEncoding = 4; lastKnownFileType = sourcecode.c.h; path = NIPlayerMacro.h; sourceTree = "<group>"; };
		B8F1B5B71EE07470004A1E26 /* NIPlayer.app */ = {isa = PBXFileReference; explicitFileType = wrapper.application; includeInIndex = 0; path = NIPlayer.app; sourceTree = BUILT_PRODUCTS_DIR; };
		B8F1B5BB1EE07470004A1E26 /* main.m */ = {isa = PBXFileReference; lastKnownFileType = sourcecode.c.objc; path = main.m; sourceTree = "<group>"; };
		B8F1B5BD1EE07470004A1E26 /* AppDelegate.h */ = {isa = PBXFileReference; lastKnownFileType = sourcecode.c.h; name = AppDelegate.h; path = NIPlayer/AppDelegate.h; sourceTree = SOURCE_ROOT; };
		B8F1B5BE1EE07470004A1E26 /* AppDelegate.m */ = {isa = PBXFileReference; lastKnownFileType = sourcecode.c.objc; name = AppDelegate.m; path = NIPlayer/AppDelegate.m; sourceTree = SOURCE_ROOT; };
		B8F1B5C41EE07470004A1E26 /* Base */ = {isa = PBXFileReference; lastKnownFileType = file.storyboard; name = Base; path = Base.lproj/Main.storyboard; sourceTree = "<group>"; };
		B8F1B5C61EE07470004A1E26 /* Assets.xcassets */ = {isa = PBXFileReference; lastKnownFileType = folder.assetcatalog; path = Assets.xcassets; sourceTree = "<group>"; };
		B8F1B5C91EE07470004A1E26 /* Base */ = {isa = PBXFileReference; lastKnownFileType = file.storyboard; name = Base; path = Base.lproj/LaunchScreen.storyboard; sourceTree = "<group>"; };
		B8F1B5CB1EE07470004A1E26 /* Info.plist */ = {isa = PBXFileReference; lastKnownFileType = text.plist.xml; path = Info.plist; sourceTree = "<group>"; };
		B8F1B5D21EE074B8004A1E26 /* NIAVPlayer.h */ = {isa = PBXFileReference; fileEncoding = 4; lastKnownFileType = sourcecode.c.h; path = NIAVPlayer.h; sourceTree = "<group>"; };
		B8F1B5D31EE074B8004A1E26 /* NIAVPlayer.m */ = {isa = PBXFileReference; fileEncoding = 4; lastKnownFileType = sourcecode.c.objc; path = NIAVPlayer.m; sourceTree = "<group>"; };
		B8F1B5D41EE074B8004A1E26 /* NIPlayer.h */ = {isa = PBXFileReference; fileEncoding = 4; lastKnownFileType = sourcecode.c.h; path = NIPlayer.h; sourceTree = "<group>"; };
		B8F1B5D51EE074B8004A1E26 /* NIPlayer.m */ = {isa = PBXFileReference; fileEncoding = 4; lastKnownFileType = sourcecode.c.objc; path = NIPlayer.m; sourceTree = "<group>"; };
		B8F1B5D61EE074B8004A1E26 /* NIPlayerControl.h */ = {isa = PBXFileReference; fileEncoding = 4; lastKnownFileType = sourcecode.c.h; path = NIPlayerControl.h; sourceTree = "<group>"; };
		B8F1B5D71EE074B8004A1E26 /* NIPlayerControl.m */ = {isa = PBXFileReference; fileEncoding = 4; lastKnownFileType = sourcecode.c.objc; path = NIPlayerControl.m; sourceTree = "<group>"; };
		B8F1B5D81EE074B8004A1E26 /* NIPlayerSlider.h */ = {isa = PBXFileReference; fileEncoding = 4; lastKnownFileType = sourcecode.c.h; path = NIPlayerSlider.h; sourceTree = "<group>"; };
		B8F1B5D91EE074B8004A1E26 /* NIPlayerSlider.m */ = {isa = PBXFileReference; fileEncoding = 4; lastKnownFileType = sourcecode.c.objc; path = NIPlayerSlider.m; sourceTree = "<group>"; };
		B8F6AA661EF44A1100FEA205 /* tabbar_home_HL@2x.png */ = {isa = PBXFileReference; lastKnownFileType = image.png; path = "tabbar_home_HL@2x.png"; sourceTree = "<group>"; };
		B8F6AA671EF44A1100FEA205 /* tabbar_home_HL@3x.png */ = {isa = PBXFileReference; lastKnownFileType = image.png; path = "tabbar_home_HL@3x.png"; sourceTree = "<group>"; };
		B8F6AA681EF44A1100FEA205 /* tabbar_home@2x.png */ = {isa = PBXFileReference; lastKnownFileType = image.png; path = "tabbar_home@2x.png"; sourceTree = "<group>"; };
		B8F6AA691EF44A1100FEA205 /* tabbar_home@3x.png */ = {isa = PBXFileReference; lastKnownFileType = image.png; path = "tabbar_home@3x.png"; sourceTree = "<group>"; };
		B8F6AA6E1EF44C8900FEA205 /* tabbar_video_HL@2x.png */ = {isa = PBXFileReference; lastKnownFileType = image.png; path = "tabbar_video_HL@2x.png"; sourceTree = "<group>"; };
		B8F6AA6F1EF44C8900FEA205 /* tabbar_video_HL@3x.png */ = {isa = PBXFileReference; lastKnownFileType = image.png; path = "tabbar_video_HL@3x.png"; sourceTree = "<group>"; };
		B8F6AA701EF44C8900FEA205 /* tabbar_video@2x.png */ = {isa = PBXFileReference; lastKnownFileType = image.png; path = "tabbar_video@2x.png"; sourceTree = "<group>"; };
		B8F6AA711EF44C8900FEA205 /* tabbar_video@3x.png */ = {isa = PBXFileReference; lastKnownFileType = image.png; path = "tabbar_video@3x.png"; sourceTree = "<group>"; };
		B8F6AA771EF455EE00FEA205 /* NSDate+NI_time.h */ = {isa = PBXFileReference; fileEncoding = 4; lastKnownFileType = sourcecode.c.h; path = "NSDate+NI_time.h"; sourceTree = "<group>"; };
		B8F6AA781EF455EE00FEA205 /* NSDate+NI_time.m */ = {isa = PBXFileReference; fileEncoding = 4; lastKnownFileType = sourcecode.c.objc; path = "NSDate+NI_time.m"; sourceTree = "<group>"; };
		B8F6AA791EF455EE00FEA205 /* UIButton+Create.h */ = {isa = PBXFileReference; fileEncoding = 4; lastKnownFileType = sourcecode.c.h; path = "UIButton+Create.h"; sourceTree = "<group>"; };
		B8F6AA7A1EF455EE00FEA205 /* UIButton+Create.m */ = {isa = PBXFileReference; fileEncoding = 4; lastKnownFileType = sourcecode.c.objc; path = "UIButton+Create.m"; sourceTree = "<group>"; };
		B8F6AA7B1EF455EE00FEA205 /* UIImage+NI_Extension.h */ = {isa = PBXFileReference; fileEncoding = 4; lastKnownFileType = sourcecode.c.h; path = "UIImage+NI_Extension.h"; sourceTree = "<group>"; };
		B8F6AA7C1EF455EE00FEA205 /* UIImage+NI_Extension.m */ = {isa = PBXFileReference; fileEncoding = 4; lastKnownFileType = sourcecode.c.objc; path = "UIImage+NI_Extension.m"; sourceTree = "<group>"; };
		B8F6AA7D1EF455EE00FEA205 /* UILabel+Create.h */ = {isa = PBXFileReference; fileEncoding = 4; lastKnownFileType = sourcecode.c.h; path = "UILabel+Create.h"; sourceTree = "<group>"; };
		B8F6AA7E1EF455EE00FEA205 /* UILabel+Create.m */ = {isa = PBXFileReference; fileEncoding = 4; lastKnownFileType = sourcecode.c.objc; path = "UILabel+Create.m"; sourceTree = "<group>"; };
		B8F6AA7F1EF455EE00FEA205 /* UINavigationController+NI_allowRote.h */ = {isa = PBXFileReference; fileEncoding = 4; lastKnownFileType = sourcecode.c.h; path = "UINavigationController+NI_allowRote.h"; sourceTree = "<group>"; };
		B8F6AA801EF455EE00FEA205 /* UINavigationController+NI_allowRote.m */ = {isa = PBXFileReference; fileEncoding = 4; lastKnownFileType = sourcecode.c.objc; path = "UINavigationController+NI_allowRote.m"; sourceTree = "<group>"; };
		B8F6AA811EF455EE00FEA205 /* UITabBarController+NI_allRote.h */ = {isa = PBXFileReference; fileEncoding = 4; lastKnownFileType = sourcecode.c.h; path = "UITabBarController+NI_allRote.h"; sourceTree = "<group>"; };
		B8F6AA821EF455EE00FEA205 /* UITabBarController+NI_allRote.m */ = {isa = PBXFileReference; fileEncoding = 4; lastKnownFileType = sourcecode.c.objc; path = "UITabBarController+NI_allRote.m"; sourceTree = "<group>"; };
		B8F6AA831EF455EE00FEA205 /* UIView+NI_superVC.h */ = {isa = PBXFileReference; fileEncoding = 4; lastKnownFileType = sourcecode.c.h; path = "UIView+NI_superVC.h"; sourceTree = "<group>"; };
		B8F6AA841EF455EE00FEA205 /* UIView+NI_superVC.m */ = {isa = PBXFileReference; fileEncoding = 4; lastKnownFileType = sourcecode.c.objc; path = "UIView+NI_superVC.m"; sourceTree = "<group>"; };
		D01EA5CA1EF3575BAAF9CE72 /* Pods-NIPlayer.debug.xcconfig */ = {isa = PBXFileReference; includeInIndex = 1; lastKnownFileType = text.xcconfig; name = "Pods-NIPlayer.debug.xcconfig"; path = "Pods/Target Support Files/Pods-NIPlayer/Pods-NIPlayer.debug.xcconfig"; sourceTree = "<group>"; };
		D93917337B905F823F762552 /* libPods-NIPlayer.a */ = {isa = PBXFileReference; explicitFileType = archive.ar; includeInIndex = 0; path = "libPods-NIPlayer.a"; sourceTree = BUILT_PRODUCTS_DIR; };
/* End PBXFileReference section */

/* Begin PBXFrameworksBuildPhase section */
		B8F1B5B41EE07470004A1E26 /* Frameworks */ = {
			isa = PBXFrameworksBuildPhase;
			buildActionMask = 2147483647;
			files = (
				9B00F3039823FEA3769E8A94 /* libPods-NIPlayer.a in Frameworks */,
			);
			runOnlyForDeploymentPostprocessing = 0;
		};
/* End PBXFrameworksBuildPhase section */

/* Begin PBXGroup section */
		569B9C15D18F7C8F78326E5C /* Frameworks */ = {
			isa = PBXGroup;
			children = (
				D93917337B905F823F762552 /* libPods-NIPlayer.a */,
			);
			name = Frameworks;
			sourceTree = "<group>";
		};
		B80AAA3E1EF384B100A94280 /* Classes */ = {
			isa = PBXGroup;
			children = (
				B80AAA3F1EF384B100A94280 /* Base */,
				B80AAA531EF3863C00A94280 /* Controller */,
				B80AAA401EF384B100A94280 /* Model */,
				B80AAA411EF384B100A94280 /* View */,
			);
			path = Classes;
			sourceTree = "<group>";
		};
		B80AAA3F1EF384B100A94280 /* Base */ = {
			isa = PBXGroup;
			children = (
				B80AAA501EF3860200A94280 /* TabBarController.h */,
				B80AAA511EF3860200A94280 /* TabBarController.m */,
				B80AAA541EF3869200A94280 /* BaseViewController.h */,
				B80AAA551EF3869200A94280 /* BaseViewController.m */,
				B80AAA571EF3876800A94280 /* BaseNavController.h */,
				B80AAA581EF3876800A94280 /* BaseNavController.m */,
			);
			path = Base;
			sourceTree = "<group>";
		};
		B80AAA401EF384B100A94280 /* Model */ = {
			isa = PBXGroup;
			children = (
				B80AAA6A1EF38F3B00A94280 /* Home */,
			);
			path = Model;
			sourceTree = "<group>";
		};
		B80AAA411EF384B100A94280 /* View */ = {
			isa = PBXGroup;
			children = (
				B80AAA651EF38D4700A94280 /* Video */,
				B80AAA661EF38D4700A94280 /* Home */,
			);
			path = View;
			sourceTree = "<group>";
		};
		B80AAA431EF384B100A94280 /* Expend */ = {
			isa = PBXGroup;
			children = (
				B80AAA441EF384B100A94280 /* Category */,
				B80AAA451EF384B100A94280 /* Macro */,
				B80AAA461EF384B100A94280 /* Util */,
			);
			path = Expend;
			sourceTree = "<group>";
		};
		B80AAA441EF384B100A94280 /* Category */ = {
			isa = PBXGroup;
			children = (
			);
			path = Category;
			sourceTree = "<group>";
		};
		B80AAA451EF384B100A94280 /* Macro */ = {
			isa = PBXGroup;
			children = (
			);
			path = Macro;
			sourceTree = "<group>";
		};
		B80AAA461EF384B100A94280 /* Util */ = {
			isa = PBXGroup;
			children = (
			);
			path = Util;
			sourceTree = "<group>";
		};
		B80AAA471EF384B100A94280 /* Network */ = {
			isa = PBXGroup;
			children = (
				B80AAA621EF38A2000A94280 /* HttpRequest.h */,
				B80AAA631EF38A2000A94280 /* HttpRequest.m */,
			);
			path = Network;
			sourceTree = "<group>";
		};
		B80AAA481EF384B100A94280 /* Resource */ = {
			isa = PBXGroup;
			children = (
				B80AAA4B1EF384F400A94280 /* Video */,
				B80AAA491EF384B100A94280 /* Images */,
			);
			path = Resource;
			sourceTree = "<group>";
		};
		B80AAA491EF384B100A94280 /* Images */ = {
			isa = PBXGroup;
			children = (
				B8F6AA6E1EF44C8900FEA205 /* tabbar_video_HL@2x.png */,
				B8F6AA6F1EF44C8900FEA205 /* tabbar_video_HL@3x.png */,
				B8F6AA701EF44C8900FEA205 /* tabbar_video@2x.png */,
				B8F6AA711EF44C8900FEA205 /* tabbar_video@3x.png */,
				B8F6AA661EF44A1100FEA205 /* tabbar_home_HL@2x.png */,
				B8F6AA671EF44A1100FEA205 /* tabbar_home_HL@3x.png */,
				B8F6AA681EF44A1100FEA205 /* tabbar_home@2x.png */,
				B8F6AA691EF44A1100FEA205 /* tabbar_home@3x.png */,
				B80AAA6E1EF390AD00A94280 /* play.png */,
			);
			path = Images;
			sourceTree = "<group>";
		};
		B80AAA4A1EF384B100A94280 /* Vender */ = {
			isa = PBXGroup;
			children = (
			);
			path = Vender;
			sourceTree = "<group>";
		};
		B80AAA4B1EF384F400A94280 /* Video */ = {
			isa = PBXGroup;
			children = (
				B80AAA771EF3D56E00A94280 /* local_one.mp4 */,
			);
			path = Video;
			sourceTree = "<group>";
		};
		B80AAA4E1EF3852B00A94280 /* AppDelegate */ = {
			isa = PBXGroup;
			children = (
				B8F1B5BD1EE07470004A1E26 /* AppDelegate.h */,
				B8F1B5BE1EE07470004A1E26 /* AppDelegate.m */,
				B80AAA4F1EF3852B00A94280 /* Base */,
			);
			path = AppDelegate;
			sourceTree = "<group>";
		};
		B80AAA4F1EF3852B00A94280 /* Base */ = {
			isa = PBXGroup;
			children = (
			);
			path = Base;
			sourceTree = "<group>";
		};
		B80AAA531EF3863C00A94280 /* Controller */ = {
			isa = PBXGroup;
			children = (
				B80AAA5A1EF3883F00A94280 /* Video */,
				B80AAA5B1EF3883F00A94280 /* Home */,
			);
			path = Controller;
			sourceTree = "<group>";
		};
		B80AAA5A1EF3883F00A94280 /* Video */ = {
			isa = PBXGroup;
			children = (
				B80AAA701EF3D08900A94280 /* VideoViewController.h */,
				B80AAA711EF3D08900A94280 /* VideoViewController.m */,
				B80AAA741EF3D2D300A94280 /* PlayViewController.h */,
				B80AAA751EF3D2D300A94280 /* PlayViewController.m */,
			);
			path = Video;
			sourceTree = "<group>";
		};
		B80AAA5B1EF3883F00A94280 /* Home */ = {
			isa = PBXGroup;
			children = (
				B80AAA5C1EF388EA00A94280 /* HomeViewController.h */,
				B80AAA5D1EF388EA00A94280 /* HomeViewController.m */,
			);
			path = Home;
			sourceTree = "<group>";
		};
		B80AAA651EF38D4700A94280 /* Video */ = {
			isa = PBXGroup;
			children = (
			);
			path = Video;
			sourceTree = "<group>";
		};
		B80AAA661EF38D4700A94280 /* Home */ = {
			isa = PBXGroup;
			children = (
				B80AAA671EF38D6500A94280 /* HomeTableViewCell.h */,
				B80AAA681EF38D6500A94280 /* HomeTableViewCell.m */,
			);
			path = Home;
			sourceTree = "<group>";
		};
		B80AAA6A1EF38F3B00A94280 /* Home */ = {
			isa = PBXGroup;
			children = (
				B80AAA6B1EF38F5000A94280 /* HomeVideoModel.h */,
				B80AAA6C1EF38F5000A94280 /* HomeVideoModel.m */,
			);
			path = Home;
			sourceTree = "<group>";
		};
		B8F1B5AE1EE07470004A1E26 = {
			isa = PBXGroup;
			children = (
				B8F1B5B91EE07470004A1E26 /* NIPlayer */,
				B8F1B5B81EE07470004A1E26 /* Products */,
				FE426067A8F38E45000AC022 /* Pods */,
				569B9C15D18F7C8F78326E5C /* Frameworks */,
			);
			sourceTree = "<group>";
		};
		B8F1B5B81EE07470004A1E26 /* Products */ = {
			isa = PBXGroup;
			children = (
				B8F1B5B71EE07470004A1E26 /* NIPlayer.app */,
			);
			name = Products;
			sourceTree = "<group>";
		};
		B8F1B5B91EE07470004A1E26 /* NIPlayer */ = {
			isa = PBXGroup;
			children = (
				B8F1B5D11EE074B8004A1E26 /* NIPlayer */,
				B80AAA4E1EF3852B00A94280 /* AppDelegate */,
				B80AAA3E1EF384B100A94280 /* Classes */,
				B80AAA431EF384B100A94280 /* Expend */,
				B80AAA471EF384B100A94280 /* Network */,
				B80AAA481EF384B100A94280 /* Resource */,
				B80AAA4A1EF384B100A94280 /* Vender */,
				B8F1B5BA1EE07470004A1E26 /* Supporting Files */,
			);
			path = NIPlayer;
			sourceTree = "<group>";
		};
		B8F1B5BA1EE07470004A1E26 /* Supporting Files */ = {
			isa = PBXGroup;
			children = (
				B8F1B5C31EE07470004A1E26 /* Main.storyboard */,
				B8F1B5C61EE07470004A1E26 /* Assets.xcassets */,
				B8F1B5C81EE07470004A1E26 /* LaunchScreen.storyboard */,
				B8F1B5CB1EE07470004A1E26 /* Info.plist */,
				B8F1B5BB1EE07470004A1E26 /* main.m */,
			);
			name = "Supporting Files";
			sourceTree = "<group>";
		};
		B8F1B5D11EE074B8004A1E26 /* NIPlayer */ = {
			isa = PBXGroup;
			children = (
				B8F6AA761EF455EE00FEA205 /* Category */,
				B8CAD2BE1EE118FB00E99BD1 /* NIPlayer.bundle */,
				B8F1B5D21EE074B8004A1E26 /* NIAVPlayer.h */,
				B8F1B5D31EE074B8004A1E26 /* NIAVPlayer.m */,
				B8F1B5D41EE074B8004A1E26 /* NIPlayer.h */,
				B8F1B5D51EE074B8004A1E26 /* NIPlayer.m */,
				B8F1B5D61EE074B8004A1E26 /* NIPlayerControl.h */,
				B8F1B5D71EE074B8004A1E26 /* NIPlayerControl.m */,
				B8F1B5D81EE074B8004A1E26 /* NIPlayerSlider.h */,
				B8F1B5D91EE074B8004A1E26 /* NIPlayerSlider.m */,
				B8CAD2C11EE11A7700E99BD1 /* NIPlayerMacro.h */,
				B8C48DA51EE962920066BCC5 /* NIBrightnessView.h */,
				B8C48DA61EE962920066BCC5 /* NIBrightnessView.m */,
			);
			path = NIPlayer;
			sourceTree = "<group>";
		};
		B8F6AA761EF455EE00FEA205 /* Category */ = {
			isa = PBXGroup;
			children = (
				B8F6AA771EF455EE00FEA205 /* NSDate+NI_time.h */,
				B8F6AA781EF455EE00FEA205 /* NSDate+NI_time.m */,
				B8F6AA791EF455EE00FEA205 /* UIButton+Create.h */,
				B8F6AA7A1EF455EE00FEA205 /* UIButton+Create.m */,
				B8F6AA7B1EF455EE00FEA205 /* UIImage+NI_Extension.h */,
				B8F6AA7C1EF455EE00FEA205 /* UIImage+NI_Extension.m */,
				B8F6AA7D1EF455EE00FEA205 /* UILabel+Create.h */,
				B8F6AA7E1EF455EE00FEA205 /* UILabel+Create.m */,
				B8F6AA7F1EF455EE00FEA205 /* UINavigationController+NI_allowRote.h */,
				B8F6AA801EF455EE00FEA205 /* UINavigationController+NI_allowRote.m */,
				B8F6AA811EF455EE00FEA205 /* UITabBarController+NI_allRote.h */,
				B8F6AA821EF455EE00FEA205 /* UITabBarController+NI_allRote.m */,
				B8F6AA831EF455EE00FEA205 /* UIView+NI_superVC.h */,
				B8F6AA841EF455EE00FEA205 /* UIView+NI_superVC.m */,
			);
			path = Category;
			sourceTree = "<group>";
		};
		FE426067A8F38E45000AC022 /* Pods */ = {
			isa = PBXGroup;
			children = (
				D01EA5CA1EF3575BAAF9CE72 /* Pods-NIPlayer.debug.xcconfig */,
				5A34C09D930CEECE98A98447 /* Pods-NIPlayer.release.xcconfig */,
			);
			name = Pods;
			sourceTree = "<group>";
		};
/* End PBXGroup section */

/* Begin PBXNativeTarget section */
		B8F1B5B61EE07470004A1E26 /* NIPlayer */ = {
			isa = PBXNativeTarget;
			buildConfigurationList = B8F1B5CE1EE07470004A1E26 /* Build configuration list for PBXNativeTarget "NIPlayer" */;
			buildPhases = (
				B4DBF5E8FE8B232486CF0617 /* [CP] Check Pods Manifest.lock */,
				B8F1B5B31EE07470004A1E26 /* Sources */,
				B8F1B5B41EE07470004A1E26 /* Frameworks */,
				B8F1B5B51EE07470004A1E26 /* Resources */,
				46D7B045A793F98EB43BA8BB /* [CP] Embed Pods Frameworks */,
				D2083944596416F271CEF7CD /* [CP] Copy Pods Resources */,
			);
			buildRules = (
			);
			dependencies = (
			);
			name = NIPlayer;
			productName = NIPlayer;
			productReference = B8F1B5B71EE07470004A1E26 /* NIPlayer.app */;
			productType = "com.apple.product-type.application";
		};
/* End PBXNativeTarget section */

/* Begin PBXProject section */
		B8F1B5AF1EE07470004A1E26 /* Project object */ = {
			isa = PBXProject;
			attributes = {
				LastUpgradeCheck = 0830;
				ORGANIZATIONNAME = zhouen;
				TargetAttributes = {
					B8F1B5B61EE07470004A1E26 = {
						CreatedOnToolsVersion = 8.3.2;
						DevelopmentTeam = SGX7T46YHA;
						ProvisioningStyle = Automatic;
					};
				};
			};
			buildConfigurationList = B8F1B5B21EE07470004A1E26 /* Build configuration list for PBXProject "NIPlayer" */;
			compatibilityVersion = "Xcode 3.2";
			developmentRegion = English;
			hasScannedForEncodings = 0;
			knownRegions = (
				en,
				Base,
			);
			mainGroup = B8F1B5AE1EE07470004A1E26;
			productRefGroup = B8F1B5B81EE07470004A1E26 /* Products */;
			projectDirPath = "";
			projectRoot = "";
			targets = (
				B8F1B5B61EE07470004A1E26 /* NIPlayer */,
			);
		};
/* End PBXProject section */

/* Begin PBXResourcesBuildPhase section */
		B8F1B5B51EE07470004A1E26 /* Resources */ = {
			isa = PBXResourcesBuildPhase;
			buildActionMask = 2147483647;
			files = (
				B8F6AA721EF44C8900FEA205 /* tabbar_video_HL@2x.png in Resources */,
				B8F1B5CA1EE07470004A1E26 /* LaunchScreen.storyboard in Resources */,
				B8F1B5C71EE07470004A1E26 /* Assets.xcassets in Resources */,
				B8F6AA6B1EF44A1100FEA205 /* tabbar_home_HL@3x.png in Resources */,
				B80AAA781EF3D56E00A94280 /* local_one.mp4 in Resources */,
				B8F6AA751EF44C8900FEA205 /* tabbar_video@3x.png in Resources */,
				B8F6AA731EF44C8900FEA205 /* tabbar_video_HL@3x.png in Resources */,
				B8F6AA6D1EF44A1100FEA205 /* tabbar_home@3x.png in Resources */,
				B8F6AA6C1EF44A1100FEA205 /* tabbar_home@2x.png in Resources */,
				B8F6AA741EF44C8900FEA205 /* tabbar_video@2x.png in Resources */,
				B8CAD2BF1EE118FB00E99BD1 /* NIPlayer.bundle in Resources */,
				B8F6AA6A1EF44A1100FEA205 /* tabbar_home_HL@2x.png in Resources */,
				B8F1B5C51EE07470004A1E26 /* Main.storyboard in Resources */,
				B80AAA6F1EF390AD00A94280 /* play.png in Resources */,
			);
			runOnlyForDeploymentPostprocessing = 0;
		};
/* End PBXResourcesBuildPhase section */

/* Begin PBXShellScriptBuildPhase section */
		46D7B045A793F98EB43BA8BB /* [CP] Embed Pods Frameworks */ = {
			isa = PBXShellScriptBuildPhase;
			buildActionMask = 2147483647;
			files = (
			);
			inputPaths = (
			);
			name = "[CP] Embed Pods Frameworks";
			outputPaths = (
			);
			runOnlyForDeploymentPostprocessing = 0;
			shellPath = /bin/sh;
			shellScript = "\"${SRCROOT}/Pods/Target Support Files/Pods-NIPlayer/Pods-NIPlayer-frameworks.sh\"\n";
			showEnvVarsInLog = 0;
		};
		B4DBF5E8FE8B232486CF0617 /* [CP] Check Pods Manifest.lock */ = {
			isa = PBXShellScriptBuildPhase;
			buildActionMask = 2147483647;
			files = (
			);
			inputPaths = (
			);
			name = "[CP] Check Pods Manifest.lock";
			outputPaths = (
			);
			runOnlyForDeploymentPostprocessing = 0;
			shellPath = /bin/sh;
			shellScript = "diff \"${PODS_ROOT}/../Podfile.lock\" \"${PODS_ROOT}/Manifest.lock\" > /dev/null\nif [ $? != 0 ] ; then\n    # print error to STDERR\n    echo \"error: The sandbox is not in sync with the Podfile.lock. Run 'pod install' or update your CocoaPods installation.\" >&2\n    exit 1\nfi\n";
			showEnvVarsInLog = 0;
		};
		D2083944596416F271CEF7CD /* [CP] Copy Pods Resources */ = {
			isa = PBXShellScriptBuildPhase;
			buildActionMask = 2147483647;
			files = (
			);
			inputPaths = (
			);
			name = "[CP] Copy Pods Resources";
			outputPaths = (
			);
			runOnlyForDeploymentPostprocessing = 0;
			shellPath = /bin/sh;
			shellScript = "\"${SRCROOT}/Pods/Target Support Files/Pods-NIPlayer/Pods-NIPlayer-resources.sh\"\n";
			showEnvVarsInLog = 0;
		};
/* End PBXShellScriptBuildPhase section */

/* Begin PBXSourcesBuildPhase section */
		B8F1B5B31EE07470004A1E26 /* Sources */ = {
			isa = PBXSourcesBuildPhase;
			buildActionMask = 2147483647;
			files = (
				B8F6AA861EF455EE00FEA205 /* UIButton+Create.m in Sources */,
				B80AAA6D1EF38F5000A94280 /* HomeVideoModel.m in Sources */,
				B80AAA521EF3860200A94280 /* TabBarController.m in Sources */,
				B8F1B5BF1EE07470004A1E26 /* AppDelegate.m in Sources */,
				B80AAA721EF3D08900A94280 /* VideoViewController.m in Sources */,
				B8F6AA8A1EF455EE00FEA205 /* UITabBarController+NI_allRote.m in Sources */,
				B8F6AA871EF455EE00FEA205 /* UIImage+NI_Extension.m in Sources */,
				B8F6AA8B1EF455EE00FEA205 /* UIView+NI_superVC.m in Sources */,
				B8F1B5E61EE074B8004A1E26 /* NIAVPlayer.m in Sources */,
				B80AAA761EF3D2D300A94280 /* PlayViewController.m in Sources */,
				B8F1B5BC1EE07470004A1E26 /* main.m in Sources */,
				B8F6AA891EF455EE00FEA205 /* UINavigationController+NI_allowRote.m in Sources */,
				B80AAA641EF38A2000A94280 /* HttpRequest.m in Sources */,
				B80AAA591EF3876800A94280 /* BaseNavController.m in Sources */,
				B80AAA691EF38D6500A94280 /* HomeTableViewCell.m in Sources */,
				B8F1B5E71EE074B8004A1E26 /* NIPlayer.m in Sources */,
				B80AAA561EF3869200A94280 /* BaseViewController.m in Sources */,
				B8F1B5E81EE074B8004A1E26 /* NIPlayerControl.m in Sources */,
				B8F6AA851EF455EE00FEA205 /* NSDate+NI_time.m in Sources */,
				B8F1B5E91EE074B8004A1E26 /* NIPlayerSlider.m in Sources */,
				B8C48DA71EE962920066BCC5 /* NIBrightnessView.m in Sources */,
				B80AAA5E1EF388EA00A94280 /* HomeViewController.m in Sources */,
				B8F6AA881EF455EE00FEA205 /* UILabel+Create.m in Sources */,
			);
			runOnlyForDeploymentPostprocessing = 0;
		};
/* End PBXSourcesBuildPhase section */

/* Begin PBXVariantGroup section */
		B8F1B5C31EE07470004A1E26 /* Main.storyboard */ = {
			isa = PBXVariantGroup;
			children = (
				B8F1B5C41EE07470004A1E26 /* Base */,
			);
			name = Main.storyboard;
			sourceTree = "<group>";
		};
		B8F1B5C81EE07470004A1E26 /* LaunchScreen.storyboard */ = {
			isa = PBXVariantGroup;
			children = (
				B8F1B5C91EE07470004A1E26 /* Base */,
			);
			name = LaunchScreen.storyboard;
			sourceTree = "<group>";
		};
/* End PBXVariantGroup section */

/* Begin XCBuildConfiguration section */
		B8F1B5CC1EE07470004A1E26 /* Debug */ = {
			isa = XCBuildConfiguration;
			buildSettings = {
				ALWAYS_SEARCH_USER_PATHS = NO;
				CLANG_ANALYZER_NONNULL = YES;
				CLANG_ANALYZER_NUMBER_OBJECT_CONVERSION = YES_AGGRESSIVE;
				CLANG_CXX_LANGUAGE_STANDARD = "gnu++0x";
				CLANG_CXX_LIBRARY = "libc++";
				CLANG_ENABLE_MODULES = YES;
				CLANG_ENABLE_OBJC_ARC = YES;
				CLANG_WARN_BOOL_CONVERSION = YES;
				CLANG_WARN_CONSTANT_CONVERSION = YES;
				CLANG_WARN_DIRECT_OBJC_ISA_USAGE = YES_ERROR;
				CLANG_WARN_DOCUMENTATION_COMMENTS = YES;
				CLANG_WARN_EMPTY_BODY = YES;
				CLANG_WARN_ENUM_CONVERSION = YES;
				CLANG_WARN_INFINITE_RECURSION = YES;
				CLANG_WARN_INT_CONVERSION = YES;
				CLANG_WARN_OBJC_ROOT_CLASS = YES_ERROR;
				CLANG_WARN_SUSPICIOUS_MOVE = YES;
				CLANG_WARN_UNREACHABLE_CODE = YES;
				CLANG_WARN__DUPLICATE_METHOD_MATCH = YES;
				"CODE_SIGN_IDENTITY[sdk=iphoneos*]" = "iPhone Developer";
				COPY_PHASE_STRIP = NO;
				DEBUG_INFORMATION_FORMAT = dwarf;
				ENABLE_STRICT_OBJC_MSGSEND = YES;
				ENABLE_TESTABILITY = YES;
				GCC_C_LANGUAGE_STANDARD = gnu99;
				GCC_DYNAMIC_NO_PIC = NO;
				GCC_NO_COMMON_BLOCKS = YES;
				GCC_OPTIMIZATION_LEVEL = 0;
				GCC_PREPROCESSOR_DEFINITIONS = (
					"DEBUG=1",
					"$(inherited)",
				);
				GCC_WARN_64_TO_32_BIT_CONVERSION = YES;
				GCC_WARN_ABOUT_RETURN_TYPE = YES_ERROR;
				GCC_WARN_UNDECLARED_SELECTOR = YES;
				GCC_WARN_UNINITIALIZED_AUTOS = YES_AGGRESSIVE;
				GCC_WARN_UNUSED_FUNCTION = YES;
				GCC_WARN_UNUSED_VARIABLE = YES;
				IPHONEOS_DEPLOYMENT_TARGET = 10.3;
				MTL_ENABLE_DEBUG_INFO = YES;
				ONLY_ACTIVE_ARCH = YES;
				SDKROOT = iphoneos;
			};
			name = Debug;
		};
		B8F1B5CD1EE07470004A1E26 /* Release */ = {
			isa = XCBuildConfiguration;
			buildSettings = {
				ALWAYS_SEARCH_USER_PATHS = NO;
				CLANG_ANALYZER_NONNULL = YES;
				CLANG_ANALYZER_NUMBER_OBJECT_CONVERSION = YES_AGGRESSIVE;
				CLANG_CXX_LANGUAGE_STANDARD = "gnu++0x";
				CLANG_CXX_LIBRARY = "libc++";
				CLANG_ENABLE_MODULES = YES;
				CLANG_ENABLE_OBJC_ARC = YES;
				CLANG_WARN_BOOL_CONVERSION = YES;
				CLANG_WARN_CONSTANT_CONVERSION = YES;
				CLANG_WARN_DIRECT_OBJC_ISA_USAGE = YES_ERROR;
				CLANG_WARN_DOCUMENTATION_COMMENTS = YES;
				CLANG_WARN_EMPTY_BODY = YES;
				CLANG_WARN_ENUM_CONVERSION = YES;
				CLANG_WARN_INFINITE_RECURSION = YES;
				CLANG_WARN_INT_CONVERSION = YES;
				CLANG_WARN_OBJC_ROOT_CLASS = YES_ERROR;
				CLANG_WARN_SUSPICIOUS_MOVE = YES;
				CLANG_WARN_UNREACHABLE_CODE = YES;
				CLANG_WARN__DUPLICATE_METHOD_MATCH = YES;
				"CODE_SIGN_IDENTITY[sdk=iphoneos*]" = "iPhone Developer";
				COPY_PHASE_STRIP = NO;
				DEBUG_INFORMATION_FORMAT = "dwarf-with-dsym";
				ENABLE_NS_ASSERTIONS = NO;
				ENABLE_STRICT_OBJC_MSGSEND = YES;
				GCC_C_LANGUAGE_STANDARD = gnu99;
				GCC_NO_COMMON_BLOCKS = YES;
				GCC_WARN_64_TO_32_BIT_CONVERSION = YES;
				GCC_WARN_ABOUT_RETURN_TYPE = YES_ERROR;
				GCC_WARN_UNDECLARED_SELECTOR = YES;
				GCC_WARN_UNINITIALIZED_AUTOS = YES_AGGRESSIVE;
				GCC_WARN_UNUSED_FUNCTION = YES;
				GCC_WARN_UNUSED_VARIABLE = YES;
				IPHONEOS_DEPLOYMENT_TARGET = 10.3;
				MTL_ENABLE_DEBUG_INFO = NO;
				SDKROOT = iphoneos;
				VALIDATE_PRODUCT = YES;
			};
			name = Release;
		};
		B8F1B5CF1EE07470004A1E26 /* Debug */ = {
			isa = XCBuildConfiguration;
			baseConfigurationReference = D01EA5CA1EF3575BAAF9CE72 /* Pods-NIPlayer.debug.xcconfig */;
			buildSettings = {
				ASSETCATALOG_COMPILER_APPICON_NAME = AppIcon;
				DEVELOPMENT_TEAM = SGX7T46YHA;
				INFOPLIST_FILE = NIPlayer/Info.plist;
				LD_RUNPATH_SEARCH_PATHS = "$(inherited) @executable_path/Frameworks";
				PRODUCT_BUNDLE_IDENTIFIER = org.zn.niplayer.NIPlayer;
				PRODUCT_NAME = "$(TARGET_NAME)";
			};
			name = Debug;
		};
		B8F1B5D01EE07470004A1E26 /* Release */ = {
			isa = XCBuildConfiguration;
			baseConfigurationReference = 5A34C09D930CEECE98A98447 /* Pods-NIPlayer.release.xcconfig */;
			buildSettings = {
				ASSETCATALOG_COMPILER_APPICON_NAME = AppIcon;
				DEVELOPMENT_TEAM = SGX7T46YHA;
				INFOPLIST_FILE = NIPlayer/Info.plist;
				LD_RUNPATH_SEARCH_PATHS = "$(inherited) @executable_path/Frameworks";
				PRODUCT_BUNDLE_IDENTIFIER = org.zn.niplayer.NIPlayer;
				PRODUCT_NAME = "$(TARGET_NAME)";
			};
			name = Release;
		};
/* End XCBuildConfiguration section */

/* Begin XCConfigurationList section */
		B8F1B5B21EE07470004A1E26 /* Build configuration list for PBXProject "NIPlayer" */ = {
			isa = XCConfigurationList;
			buildConfigurations = (
				B8F1B5CC1EE07470004A1E26 /* Debug */,
				B8F1B5CD1EE07470004A1E26 /* Release */,
			);
			defaultConfigurationIsVisible = 0;
			defaultConfigurationName = Release;
		};
		B8F1B5CE1EE07470004A1E26 /* Build configuration list for PBXNativeTarget "NIPlayer" */ = {
			isa = XCConfigurationList;
			buildConfigurations = (
				B8F1B5CF1EE07470004A1E26 /* Debug */,
				B8F1B5D01EE07470004A1E26 /* Release */,
			);
			defaultConfigurationIsVisible = 0;
			defaultConfigurationName = Release;
		};
/* End XCConfigurationList section */
	};
	rootObject = B8F1B5AF1EE07470004A1E26 /* Project object */;
}
