// !$*UTF8*$!
{
	archiveVersion = 1;
	classes = {
	};
	objectVersion = 46;
	objects = {

/* Begin PBXBuildFile section */
		9B00F3039823FEA3769E8A94 /* libPods-NIPlayer.a in Frameworks */ = {isa = PBXBuildFile; fileRef = D93917337B905F823F762552 /* libPods-NIPlayer.a */; };
		B80619AB1EE8636D00115654 /* TabBarController.m in Sources */ = {isa = PBXBuildFile; fileRef = B80619AA1EE8636D00115654 /* TabBarController.m */; };
		B89398561EE7B45D00C331BE /* VideoListViewController.m in Sources */ = {isa = PBXBuildFile; fileRef = B89398551EE7B45D00C331BE /* VideoListViewController.m */; };
		B89398581EE7D39E00C331BE /* texst.png in Resources */ = {isa = PBXBuildFile; fileRef = B89398571EE7D39E00C331BE /* texst.png */; };
		B893985B1EE815FC00C331BE /* NavigationViewController.m in Sources */ = {isa = PBXBuildFile; fileRef = B893985A1EE815FC00C331BE /* NavigationViewController.m */; };
		B8C48D9E1EE95A1E0066BCC5 /* NSDate+NI_time.m in Sources */ = {isa = PBXBuildFile; fileRef = B8C48D9D1EE95A1E0066BCC5 /* NSDate+NI_time.m */; };
		B8C48DA11EE95C770066BCC5 /* UINavigationController+NI_allowRote.m in Sources */ = {isa = PBXBuildFile; fileRef = B8C48DA01EE95C770066BCC5 /* UINavigationController+NI_allowRote.m */; };
		B8C48DA41EE95C9D0066BCC5 /* UITabBarController+NI_allRote.m in Sources */ = {isa = PBXBuildFile; fileRef = B8C48DA31EE95C9D0066BCC5 /* UITabBarController+NI_allRote.m */; };
		B8C48DA71EE962920066BCC5 /* NIBrightnessView.m in Sources */ = {isa = PBXBuildFile; fileRef = B8C48DA61EE962920066BCC5 /* NIBrightnessView.m */; };
		B8C53D3C1EEA43E1008955B1 /* UIView+NI_superVC.m in Sources */ = {isa = PBXBuildFile; fileRef = B8C53D3B1EEA43E1008955B1 /* UIView+NI_superVC.m */; };
		B8CAD2BF1EE118FB00E99BD1 /* NIPlayer.bundle in Resources */ = {isa = PBXBuildFile; fileRef = B8CAD2BE1EE118FB00E99BD1 /* NIPlayer.bundle */; };
		B8CAD2C31EE12AD800E99BD1 /* test.mp4 in Resources */ = {isa = PBXBuildFile; fileRef = B8CAD2C21EE12AD800E99BD1 /* test.mp4 */; };
		B8CAD2CF1EE1783600E99BD1 /* UIButton+Create.m in Sources */ = {isa = PBXBuildFile; fileRef = B8CAD2CE1EE1783600E99BD1 /* UIButton+Create.m */; };
		B8CAD2D21EE17D3700E99BD1 /* UILabel+Create.m in Sources */ = {isa = PBXBuildFile; fileRef = B8CAD2D11EE17D3700E99BD1 /* UILabel+Create.m */; };
		B8D43E131EEE6D4800C38C02 /* PushListViewController.m in Sources */ = {isa = PBXBuildFile; fileRef = B8D43E121EEE6D4800C38C02 /* PushListViewController.m */; };
		B8F1B5BC1EE07470004A1E26 /* main.m in Sources */ = {isa = PBXBuildFile; fileRef = B8F1B5BB1EE07470004A1E26 /* main.m */; };
		B8F1B5BF1EE07470004A1E26 /* AppDelegate.m in Sources */ = {isa = PBXBuildFile; fileRef = B8F1B5BE1EE07470004A1E26 /* AppDelegate.m */; };
		B8F1B5C21EE07470004A1E26 /* ViewController.m in Sources */ = {isa = PBXBuildFile; fileRef = B8F1B5C11EE07470004A1E26 /* ViewController.m */; };
		B8F1B5C51EE07470004A1E26 /* Main.storyboard in Resources */ = {isa = PBXBuildFile; fileRef = B8F1B5C31EE07470004A1E26 /* Main.storyboard */; };
		B8F1B5C71EE07470004A1E26 /* Assets.xcassets in Resources */ = {isa = PBXBuildFile; fileRef = B8F1B5C61EE07470004A1E26 /* Assets.xcassets */; };
		B8F1B5CA1EE07470004A1E26 /* LaunchScreen.storyboard in Resources */ = {isa = PBXBuildFile; fileRef = B8F1B5C81EE07470004A1E26 /* LaunchScreen.storyboard */; };
		B8F1B5E61EE074B8004A1E26 /* NIAVPlayer.m in Sources */ = {isa = PBXBuildFile; fileRef = B8F1B5D31EE074B8004A1E26 /* NIAVPlayer.m */; };
		B8F1B5E71EE074B8004A1E26 /* NIPlayer.m in Sources */ = {isa = PBXBuildFile; fileRef = B8F1B5D51EE074B8004A1E26 /* NIPlayer.m */; };
		B8F1B5E81EE074B8004A1E26 /* NIPlayerControl.m in Sources */ = {isa = PBXBuildFile; fileRef = B8F1B5D71EE074B8004A1E26 /* NIPlayerControl.m */; };
		B8F1B5E91EE074B8004A1E26 /* NIPlayerSlider.m in Sources */ = {isa = PBXBuildFile; fileRef = B8F1B5D91EE074B8004A1E26 /* NIPlayerSlider.m */; };
/* End PBXBuildFile section */

/* Begin PBXFileReference section */
		5A34C09D930CEECE98A98447 /* Pods-NIPlayer.release.xcconfig */ = {isa = PBXFileReference; includeInIndex = 1; lastKnownFileType = text.xcconfig; name = "Pods-NIPlayer.release.xcconfig"; path = "Pods/Target Support Files/Pods-NIPlayer/Pods-NIPlayer.release.xcconfig"; sourceTree = "<group>"; };
		B80619A91EE8636D00115654 /* TabBarController.h */ = {isa = PBXFileReference; fileEncoding = 4; lastKnownFileType = sourcecode.c.h; path = TabBarController.h; sourceTree = "<group>"; };
		B80619AA1EE8636D00115654 /* TabBarController.m */ = {isa = PBXFileReference; fileEncoding = 4; lastKnownFileType = sourcecode.c.objc; path = TabBarController.m; sourceTree = "<group>"; };
		B89398541EE7B45D00C331BE /* VideoListViewController.h */ = {isa = PBXFileReference; fileEncoding = 4; lastKnownFileType = sourcecode.c.h; path = VideoListViewController.h; sourceTree = "<group>"; };
		B89398551EE7B45D00C331BE /* VideoListViewController.m */ = {isa = PBXFileReference; fileEncoding = 4; lastKnownFileType = sourcecode.c.objc; path = VideoListViewController.m; sourceTree = "<group>"; };
		B89398571EE7D39E00C331BE /* texst.png */ = {isa = PBXFileReference; lastKnownFileType = image.png; path = texst.png; sourceTree = "<group>"; };
		B89398591EE815FC00C331BE /* NavigationViewController.h */ = {isa = PBXFileReference; fileEncoding = 4; lastKnownFileType = sourcecode.c.h; path = NavigationViewController.h; sourceTree = "<group>"; };
		B893985A1EE815FC00C331BE /* NavigationViewController.m */ = {isa = PBXFileReference; fileEncoding = 4; lastKnownFileType = sourcecode.c.objc; path = NavigationViewController.m; sourceTree = "<group>"; };
		B8C48D9C1EE95A1E0066BCC5 /* NSDate+NI_time.h */ = {isa = PBXFileReference; fileEncoding = 4; lastKnownFileType = sourcecode.c.h; path = "NSDate+NI_time.h"; sourceTree = "<group>"; };
		B8C48D9D1EE95A1E0066BCC5 /* NSDate+NI_time.m */ = {isa = PBXFileReference; fileEncoding = 4; lastKnownFileType = sourcecode.c.objc; path = "NSDate+NI_time.m"; sourceTree = "<group>"; };
		B8C48D9F1EE95C770066BCC5 /* UINavigationController+NI_allowRote.h */ = {isa = PBXFileReference; fileEncoding = 4; lastKnownFileType = sourcecode.c.h; path = "UINavigationController+NI_allowRote.h"; sourceTree = "<group>"; };
		B8C48DA01EE95C770066BCC5 /* UINavigationController+NI_allowRote.m */ = {isa = PBXFileReference; fileEncoding = 4; lastKnownFileType = sourcecode.c.objc; path = "UINavigationController+NI_allowRote.m"; sourceTree = "<group>"; };
		B8C48DA21EE95C9D0066BCC5 /* UITabBarController+NI_allRote.h */ = {isa = PBXFileReference; fileEncoding = 4; lastKnownFileType = sourcecode.c.h; path = "UITabBarController+NI_allRote.h"; sourceTree = "<group>"; };
		B8C48DA31EE95C9D0066BCC5 /* UITabBarController+NI_allRote.m */ = {isa = PBXFileReference; fileEncoding = 4; lastKnownFileType = sourcecode.c.objc; path = "UITabBarController+NI_allRote.m"; sourceTree = "<group>"; };
		B8C48DA51EE962920066BCC5 /* NIBrightnessView.h */ = {isa = PBXFileReference; fileEncoding = 4; lastKnownFileType = sourcecode.c.h; path = NIBrightnessView.h; sourceTree = "<group>"; };
		B8C48DA61EE962920066BCC5 /* NIBrightnessView.m */ = {isa = PBXFileReference; fileEncoding = 4; lastKnownFileType = sourcecode.c.objc; path = NIBrightnessView.m; sourceTree = "<group>"; };
		B8C53D3A1EEA43E1008955B1 /* UIView+NI_superVC.h */ = {isa = PBXFileReference; fileEncoding = 4; lastKnownFileType = sourcecode.c.h; path = "UIView+NI_superVC.h"; sourceTree = "<group>"; };
		B8C53D3B1EEA43E1008955B1 /* UIView+NI_superVC.m */ = {isa = PBXFileReference; fileEncoding = 4; lastKnownFileType = sourcecode.c.objc; path = "UIView+NI_superVC.m"; sourceTree = "<group>"; };
		B8CAD2BE1EE118FB00E99BD1 /* NIPlayer.bundle */ = {isa = PBXFileReference; lastKnownFileType = "wrapper.plug-in"; path = NIPlayer.bundle; sourceTree = "<group>"; };
		B8CAD2C11EE11A7700E99BD1 /* NIPlayerMacro.h */ = {isa = PBXFileReference; fileEncoding = 4; lastKnownFileType = sourcecode.c.h; path = NIPlayerMacro.h; sourceTree = "<group>"; };
		B8CAD2C21EE12AD800E99BD1 /* test.mp4 */ = {isa = PBXFileReference; lastKnownFileType = file; path = test.mp4; sourceTree = "<group>"; };
		B8CAD2CD1EE1783600E99BD1 /* UIButton+Create.h */ = {isa = PBXFileReference; fileEncoding = 4; lastKnownFileType = sourcecode.c.h; path = "UIButton+Create.h"; sourceTree = "<group>"; };
		B8CAD2CE1EE1783600E99BD1 /* UIButton+Create.m */ = {isa = PBXFileReference; fileEncoding = 4; lastKnownFileType = sourcecode.c.objc; path = "UIButton+Create.m"; sourceTree = "<group>"; };
		B8CAD2D01EE17D3700E99BD1 /* UILabel+Create.h */ = {isa = PBXFileReference; fileEncoding = 4; lastKnownFileType = sourcecode.c.h; path = "UILabel+Create.h"; sourceTree = "<group>"; };
		B8CAD2D11EE17D3700E99BD1 /* UILabel+Create.m */ = {isa = PBXFileReference; fileEncoding = 4; lastKnownFileType = sourcecode.c.objc; path = "UILabel+Create.m"; sourceTree = "<group>"; };
		B8D43E111EEE6D4800C38C02 /* PushListViewController.h */ = {isa = PBXFileReference; fileEncoding = 4; lastKnownFileType = sourcecode.c.h; path = PushListViewController.h; sourceTree = "<group>"; };
		B8D43E121EEE6D4800C38C02 /* PushListViewController.m */ = {isa = PBXFileReference; fileEncoding = 4; lastKnownFileType = sourcecode.c.objc; path = PushListViewController.m; sourceTree = "<group>"; };
		B8F1B5B71EE07470004A1E26 /* NIPlayer.app */ = {isa = PBXFileReference; explicitFileType = wrapper.application; includeInIndex = 0; path = NIPlayer.app; sourceTree = BUILT_PRODUCTS_DIR; };
		B8F1B5BB1EE07470004A1E26 /* main.m */ = {isa = PBXFileReference; lastKnownFileType = sourcecode.c.objc; path = main.m; sourceTree = "<group>"; };
		B8F1B5BD1EE07470004A1E26 /* AppDelegate.h */ = {isa = PBXFileReference; lastKnownFileType = sourcecode.c.h; path = AppDelegate.h; sourceTree = "<group>"; };
		B8F1B5BE1EE07470004A1E26 /* AppDelegate.m */ = {isa = PBXFileReference; lastKnownFileType = sourcecode.c.objc; path = AppDelegate.m; sourceTree = "<group>"; };
		B8F1B5C01EE07470004A1E26 /* ViewController.h */ = {isa = PBXFileReference; lastKnownFileType = sourcecode.c.h; path = ViewController.h; sourceTree = "<group>"; };
		B8F1B5C11EE07470004A1E26 /* ViewController.m */ = {isa = PBXFileReference; lastKnownFileType = sourcecode.c.objc; path = ViewController.m; sourceTree = "<group>"; };
		B8F1B5C41EE07470004A1E26 /* Base */ = {isa = PBXFileReference; lastKnownFileType = file.storyboard; name = Base; path = Base.lproj/Main.storyboard; sourceTree = "<group>"; };
		B8F1B5C61EE07470004A1E26 /* Assets.xcassets */ = {isa = PBXFileReference; lastKnownFileType = folder.assetcatalog; path = Assets.xcassets; sourceTree = "<group>"; };
		B8F1B5C91EE07470004A1E26 /* Base */ = {isa = PBXFileReference; lastKnownFileType = file.storyboard; name = Base; path = Base.lproj/LaunchScreen.storyboard; sourceTree = "<group>"; };
		B8F1B5CB1EE07470004A1E26 /* Info.plist */ = {isa = PBXFileReference; lastKnownFileType = text.plist.xml; path = Info.plist; sourceTree = "<group>"; };
		B8F1B5D21EE074B8004A1E26 /* NIAVPlayer.h */ = {isa = PBXFileReference; fileEncoding = 4; lastKnownFileType = sourcecode.c.h; path = NIAVPlayer.h; sourceTree = "<group>"; };
		B8F1B5D31EE074B8004A1E26 /* NIAVPlayer.m */ = {isa = PBXFileReference; fileEncoding = 4; lastKnownFileType = sourcecode.c.objc; path = NIAVPlayer.m; sourceTree = "<group>"; };
		B8F1B5D41EE074B8004A1E26 /* NIPlayer.h */ = {isa = PBXFileReference; fileEncoding = 4; lastKnownFileType = sourcecode.c.h; path = NIPlayer.h; sourceTree = "<group>"; };
		B8F1B5D51EE074B8004A1E26 /* NIPlayer.m */ = {isa = PBXFileReference; fileEncoding = 4; lastKnownFileType = sourcecode.c.objc; path = NIPlayer.m; sourceTree = "<group>"; };
		B8F1B5D61EE074B8004A1E26 /* NIPlayerControl.h */ = {isa = PBXFileReference; fileEncoding = 4; lastKnownFileType = sourcecode.c.h; path = NIPlayerControl.h; sourceTree = "<group>"; };
		B8F1B5D71EE074B8004A1E26 /* NIPlayerControl.m */ = {isa = PBXFileReference; fileEncoding = 4; lastKnownFileType = sourcecode.c.objc; path = NIPlayerControl.m; sourceTree = "<group>"; };
		B8F1B5D81EE074B8004A1E26 /* NIPlayerSlider.h */ = {isa = PBXFileReference; fileEncoding = 4; lastKnownFileType = sourcecode.c.h; path = NIPlayerSlider.h; sourceTree = "<group>"; };
		B8F1B5D91EE074B8004A1E26 /* NIPlayerSlider.m */ = {isa = PBXFileReference; fileEncoding = 4; lastKnownFileType = sourcecode.c.objc; path = NIPlayerSlider.m; sourceTree = "<group>"; };
		D01EA5CA1EF3575BAAF9CE72 /* Pods-NIPlayer.debug.xcconfig */ = {isa = PBXFileReference; includeInIndex = 1; lastKnownFileType = text.xcconfig; name = "Pods-NIPlayer.debug.xcconfig"; path = "Pods/Target Support Files/Pods-NIPlayer/Pods-NIPlayer.debug.xcconfig"; sourceTree = "<group>"; };
		D93917337B905F823F762552 /* libPods-NIPlayer.a */ = {isa = PBXFileReference; explicitFileType = archive.ar; includeInIndex = 0; path = "libPods-NIPlayer.a"; sourceTree = BUILT_PRODUCTS_DIR; };
/* End PBXFileReference section */

/* Begin PBXFrameworksBuildPhase section */
		B8F1B5B41EE07470004A1E26 /* Frameworks */ = {
			isa = PBXFrameworksBuildPhase;
			buildActionMask = 2147483647;
			files = (
				9B00F3039823FEA3769E8A94 /* libPods-NIPlayer.a in Frameworks */,
			);
			runOnlyForDeploymentPostprocessing = 0;
		};
/* End PBXFrameworksBuildPhase section */

/* Begin PBXGroup section */
		569B9C15D18F7C8F78326E5C /* Frameworks */ = {
			isa = PBXGroup;
			children = (
				D93917337B905F823F762552 /* libPods-NIPlayer.a */,
			);
			name = Frameworks;
			sourceTree = "<group>";
		};
		B8CAD2CC1EE1780800E99BD1 /* category */ = {
			isa = PBXGroup;
			children = (
				B8CAD2CD1EE1783600E99BD1 /* UIButton+Create.h */,
				B8CAD2CE1EE1783600E99BD1 /* UIButton+Create.m */,
				B8CAD2D01EE17D3700E99BD1 /* UILabel+Create.h */,
				B8CAD2D11EE17D3700E99BD1 /* UILabel+Create.m */,
				B8C48D9C1EE95A1E0066BCC5 /* NSDate+NI_time.h */,
				B8C48D9D1EE95A1E0066BCC5 /* NSDate+NI_time.m */,
				B8C48D9F1EE95C770066BCC5 /* UINavigationController+NI_allowRote.h */,
				B8C48DA01EE95C770066BCC5 /* UINavigationController+NI_allowRote.m */,
				B8C48DA21EE95C9D0066BCC5 /* UITabBarController+NI_allRote.h */,
				B8C48DA31EE95C9D0066BCC5 /* UITabBarController+NI_allRote.m */,
				B8C53D3A1EEA43E1008955B1 /* UIView+NI_superVC.h */,
				B8C53D3B1EEA43E1008955B1 /* UIView+NI_superVC.m */,
			);
			path = category;
			sourceTree = "<group>";
		};
		B8F1B5AE1EE07470004A1E26 = {
			isa = PBXGroup;
			children = (
				B8F1B5B91EE07470004A1E26 /* NIPlayer */,
				B8F1B5B81EE07470004A1E26 /* Products */,
				FE426067A8F38E45000AC022 /* Pods */,
				569B9C15D18F7C8F78326E5C /* Frameworks */,
			);
			sourceTree = "<group>";
		};
		B8F1B5B81EE07470004A1E26 /* Products */ = {
			isa = PBXGroup;
			children = (
				B8F1B5B71EE07470004A1E26 /* NIPlayer.app */,
			);
			name = Products;
			sourceTree = "<group>";
		};
		B8F1B5B91EE07470004A1E26 /* NIPlayer */ = {
			isa = PBXGroup;
			children = (
				B89398571EE7D39E00C331BE /* texst.png */,
				B8CAD2C21EE12AD800E99BD1 /* test.mp4 */,
				B8F1B5D11EE074B8004A1E26 /* NIPlayer */,
				B8F1B5BD1EE07470004A1E26 /* AppDelegate.h */,
				B8F1B5BE1EE07470004A1E26 /* AppDelegate.m */,
				B8F1B5C01EE07470004A1E26 /* ViewController.h */,
				B8F1B5C11EE07470004A1E26 /* ViewController.m */,
				B89398541EE7B45D00C331BE /* VideoListViewController.h */,
				B89398551EE7B45D00C331BE /* VideoListViewController.m */,
				B8F1B5C31EE07470004A1E26 /* Main.storyboard */,
				B8F1B5C61EE07470004A1E26 /* Assets.xcassets */,
				B8F1B5C81EE07470004A1E26 /* LaunchScreen.storyboard */,
				B8F1B5CB1EE07470004A1E26 /* Info.plist */,
				B8F1B5BA1EE07470004A1E26 /* Supporting Files */,
				B89398591EE815FC00C331BE /* NavigationViewController.h */,
				B893985A1EE815FC00C331BE /* NavigationViewController.m */,
				B80619A91EE8636D00115654 /* TabBarController.h */,
				B80619AA1EE8636D00115654 /* TabBarController.m */,
				B8D43E111EEE6D4800C38C02 /* PushListViewController.h */,
				B8D43E121EEE6D4800C38C02 /* PushListViewController.m */,
			);
			path = NIPlayer;
			sourceTree = "<group>";
		};
		B8F1B5BA1EE07470004A1E26 /* Supporting Files */ = {
			isa = PBXGroup;
			children = (
				B8F1B5BB1EE07470004A1E26 /* main.m */,
			);
			name = "Supporting Files";
			sourceTree = "<group>";
		};
		B8F1B5D11EE074B8004A1E26 /* NIPlayer */ = {
			isa = PBXGroup;
			children = (
				B8CAD2CC1EE1780800E99BD1 /* category */,
				B8CAD2BE1EE118FB00E99BD1 /* NIPlayer.bundle */,
				B8F1B5D21EE074B8004A1E26 /* NIAVPlayer.h */,
				B8F1B5D31EE074B8004A1E26 /* NIAVPlayer.m */,
				B8F1B5D41EE074B8004A1E26 /* NIPlayer.h */,
				B8F1B5D51EE074B8004A1E26 /* NIPlayer.m */,
				B8F1B5D61EE074B8004A1E26 /* NIPlayerControl.h */,
				B8F1B5D71EE074B8004A1E26 /* NIPlayerControl.m */,
				B8F1B5D81EE074B8004A1E26 /* NIPlayerSlider.h */,
				B8F1B5D91EE074B8004A1E26 /* NIPlayerSlider.m */,
				B8CAD2C11EE11A7700E99BD1 /* NIPlayerMacro.h */,
				B8C48DA51EE962920066BCC5 /* NIBrightnessView.h */,
				B8C48DA61EE962920066BCC5 /* NIBrightnessView.m */,
			);
			path = NIPlayer;
			sourceTree = "<group>";
		};
		FE426067A8F38E45000AC022 /* Pods */ = {
			isa = PBXGroup;
			children = (
				D01EA5CA1EF3575BAAF9CE72 /* Pods-NIPlayer.debug.xcconfig */,
				5A34C09D930CEECE98A98447 /* Pods-NIPlayer.release.xcconfig */,
			);
			name = Pods;
			sourceTree = "<group>";
		};
/* End PBXGroup section */

/* Begin PBXNativeTarget section */
		B8F1B5B61EE07470004A1E26 /* NIPlayer */ = {
			isa = PBXNativeTarget;
			buildConfigurationList = B8F1B5CE1EE07470004A1E26 /* Build configuration list for PBXNativeTarget "NIPlayer" */;
			buildPhases = (
				B4DBF5E8FE8B232486CF0617 /* [CP] Check Pods Manifest.lock */,
				B8F1B5B31EE07470004A1E26 /* Sources */,
				B8F1B5B41EE07470004A1E26 /* Frameworks */,
				B8F1B5B51EE07470004A1E26 /* Resources */,
				46D7B045A793F98EB43BA8BB /* [CP] Embed Pods Frameworks */,
				D2083944596416F271CEF7CD /* [CP] Copy Pods Resources */,
			);
			buildRules = (
			);
			dependencies = (
			);
			name = NIPlayer;
			productName = NIPlayer;
			productReference = B8F1B5B71EE07470004A1E26 /* NIPlayer.app */;
			productType = "com.apple.product-type.application";
		};
/* End PBXNativeTarget section */

/* Begin PBXProject section */
		B8F1B5AF1EE07470004A1E26 /* Project object */ = {
			isa = PBXProject;
			attributes = {
				LastUpgradeCheck = 0830;
				ORGANIZATIONNAME = zhouen;
				TargetAttributes = {
					B8F1B5B61EE07470004A1E26 = {
						CreatedOnToolsVersion = 8.3.2;
						DevelopmentTeam = SGX7T46YHA;
						ProvisioningStyle = Automatic;
					};
				};
			};
			buildConfigurationList = B8F1B5B21EE07470004A1E26 /* Build configuration list for PBXProject "NIPlayer" */;
			compatibilityVersion = "Xcode 3.2";
			developmentRegion = English;
			hasScannedForEncodings = 0;
			knownRegions = (
				en,
				Base,
			);
			mainGroup = B8F1B5AE1EE07470004A1E26;
			productRefGroup = B8F1B5B81EE07470004A1E26 /* Products */;
			projectDirPath = "";
			projectRoot = "";
			targets = (
				B8F1B5B61EE07470004A1E26 /* NIPlayer */,
			);
		};
/* End PBXProject section */

/* Begin PBXResourcesBuildPhase section */
		B8F1B5B51EE07470004A1E26 /* Resources */ = {
			isa = PBXResourcesBuildPhase;
			buildActionMask = 2147483647;
			files = (
				B8F1B5CA1EE07470004A1E26 /* LaunchScreen.storyboard in Resources */,
				B8CAD2C31EE12AD800E99BD1 /* test.mp4 in Resources */,
				B8F1B5C71EE07470004A1E26 /* Assets.xcassets in Resources */,
				B89398581EE7D39E00C331BE /* texst.png in Resources */,
				B8CAD2BF1EE118FB00E99BD1 /* NIPlayer.bundle in Resources */,
				B8F1B5C51EE07470004A1E26 /* Main.storyboard in Resources */,
			);
			runOnlyForDeploymentPostprocessing = 0;
		};
/* End PBXResourcesBuildPhase section */

/* Begin PBXShellScriptBuildPhase section */
		46D7B045A793F98EB43BA8BB /* [CP] Embed Pods Frameworks */ = {
			isa = PBXShellScriptBuildPhase;
			buildActionMask = 2147483647;
			files = (
			);
			inputPaths = (
			);
			name = "[CP] Embed Pods Frameworks";
			outputPaths = (
			);
			runOnlyForDeploymentPostprocessing = 0;
			shellPath = /bin/sh;
			shellScript = "\"${SRCROOT}/Pods/Target Support Files/Pods-NIPlayer/Pods-NIPlayer-frameworks.sh\"\n";
			showEnvVarsInLog = 0;
		};
		B4DBF5E8FE8B232486CF0617 /* [CP] Check Pods Manifest.lock */ = {
			isa = PBXShellScriptBuildPhase;
			buildActionMask = 2147483647;
			files = (
			);
			inputPaths = (
			);
			name = "[CP] Check Pods Manifest.lock";
			outputPaths = (
			);
			runOnlyForDeploymentPostprocessing = 0;
			shellPath = /bin/sh;
			shellScript = "diff \"${PODS_ROOT}/../Podfile.lock\" \"${PODS_ROOT}/Manifest.lock\" > /dev/null\nif [ $? != 0 ] ; then\n    # print error to STDERR\n    echo \"error: The sandbox is not in sync with the Podfile.lock. Run 'pod install' or update your CocoaPods installation.\" >&2\n    exit 1\nfi\n";
			showEnvVarsInLog = 0;
		};
		D2083944596416F271CEF7CD /* [CP] Copy Pods Resources */ = {
			isa = PBXShellScriptBuildPhase;
			buildActionMask = 2147483647;
			files = (
			);
			inputPaths = (
			);
			name = "[CP] Copy Pods Resources";
			outputPaths = (
			);
			runOnlyForDeploymentPostprocessing = 0;
			shellPath = /bin/sh;
			shellScript = "\"${SRCROOT}/Pods/Target Support Files/Pods-NIPlayer/Pods-NIPlayer-resources.sh\"\n";
			showEnvVarsInLog = 0;
		};
/* End PBXShellScriptBuildPhase section */

/* Begin PBXSourcesBuildPhase section */
		B8F1B5B31EE07470004A1E26 /* Sources */ = {
			isa = PBXSourcesBuildPhase;
			buildActionMask = 2147483647;
			files = (
				B8F1B5C21EE07470004A1E26 /* ViewController.m in Sources */,
				B8F1B5BF1EE07470004A1E26 /* AppDelegate.m in Sources */,
				B8C53D3C1EEA43E1008955B1 /* UIView+NI_superVC.m in Sources */,
				B8F1B5E61EE074B8004A1E26 /* NIAVPlayer.m in Sources */,
				B8D43E131EEE6D4800C38C02 /* PushListViewController.m in Sources */,
				B893985B1EE815FC00C331BE /* NavigationViewController.m in Sources */,
				B8CAD2D21EE17D3700E99BD1 /* UILabel+Create.m in Sources */,
				B8C48DA11EE95C770066BCC5 /* UINavigationController+NI_allowRote.m in Sources */,
				B8F1B5BC1EE07470004A1E26 /* main.m in Sources */,
				B8F1B5E71EE074B8004A1E26 /* NIPlayer.m in Sources */,
				B8CAD2CF1EE1783600E99BD1 /* UIButton+Create.m in Sources */,
				B8F1B5E81EE074B8004A1E26 /* NIPlayerControl.m in Sources */,
				B89398561EE7B45D00C331BE /* VideoListViewController.m in Sources */,
				B8C48D9E1EE95A1E0066BCC5 /* NSDate+NI_time.m in Sources */,
				B8F1B5E91EE074B8004A1E26 /* NIPlayerSlider.m in Sources */,
				B8C48DA71EE962920066BCC5 /* NIBrightnessView.m in Sources */,
				B8C48DA41EE95C9D0066BCC5 /* UITabBarController+NI_allRote.m in Sources */,
				B80619AB1EE8636D00115654 /* TabBarController.m in Sources */,
			);
			runOnlyForDeploymentPostprocessing = 0;
		};
/* End PBXSourcesBuildPhase section */

/* Begin PBXVariantGroup section */
		B8F1B5C31EE07470004A1E26 /* Main.storyboard */ = {
			isa = PBXVariantGroup;
			children = (
				B8F1B5C41EE07470004A1E26 /* Base */,
			);
			name = Main.storyboard;
			sourceTree = "<group>";
		};
		B8F1B5C81EE07470004A1E26 /* LaunchScreen.storyboard */ = {
			isa = PBXVariantGroup;
			children = (
				B8F1B5C91EE07470004A1E26 /* Base */,
			);
			name = LaunchScreen.storyboard;
			sourceTree = "<group>";
		};
/* End PBXVariantGroup section */

/* Begin XCBuildConfiguration section */
		B8F1B5CC1EE07470004A1E26 /* Debug */ = {
			isa = XCBuildConfiguration;
			buildSettings = {
				ALWAYS_SEARCH_USER_PATHS = NO;
				CLANG_ANALYZER_NONNULL = YES;
				CLANG_ANALYZER_NUMBER_OBJECT_CONVERSION = YES_AGGRESSIVE;
				CLANG_CXX_LANGUAGE_STANDARD = "gnu++0x";
				CLANG_CXX_LIBRARY = "libc++";
				CLANG_ENABLE_MODULES = YES;
				CLANG_ENABLE_OBJC_ARC = YES;
				CLANG_WARN_BOOL_CONVERSION = YES;
				CLANG_WARN_CONSTANT_CONVERSION = YES;
				CLANG_WARN_DIRECT_OBJC_ISA_USAGE = YES_ERROR;
				CLANG_WARN_DOCUMENTATION_COMMENTS = YES;
				CLANG_WARN_EMPTY_BODY = YES;
				CLANG_WARN_ENUM_CONVERSION = YES;
				CLANG_WARN_INFINITE_RECURSION = YES;
				CLANG_WARN_INT_CONVERSION = YES;
				CLANG_WARN_OBJC_ROOT_CLASS = YES_ERROR;
				CLANG_WARN_SUSPICIOUS_MOVE = YES;
				CLANG_WARN_UNREACHABLE_CODE = YES;
				CLANG_WARN__DUPLICATE_METHOD_MATCH = YES;
				"CODE_SIGN_IDENTITY[sdk=iphoneos*]" = "iPhone Developer";
				COPY_PHASE_STRIP = NO;
				DEBUG_INFORMATION_FORMAT = dwarf;
				ENABLE_STRICT_OBJC_MSGSEND = YES;
				ENABLE_TESTABILITY = YES;
				GCC_C_LANGUAGE_STANDARD = gnu99;
				GCC_DYNAMIC_NO_PIC = NO;
				GCC_NO_COMMON_BLOCKS = YES;
				GCC_OPTIMIZATION_LEVEL = 0;
				GCC_PREPROCESSOR_DEFINITIONS = (
					"DEBUG=1",
					"$(inherited)",
				);
				GCC_WARN_64_TO_32_BIT_CONVERSION = YES;
				GCC_WARN_ABOUT_RETURN_TYPE = YES_ERROR;
				GCC_WARN_UNDECLARED_SELECTOR = YES;
				GCC_WARN_UNINITIALIZED_AUTOS = YES_AGGRESSIVE;
				GCC_WARN_UNUSED_FUNCTION = YES;
				GCC_WARN_UNUSED_VARIABLE = YES;
				IPHONEOS_DEPLOYMENT_TARGET = 10.3;
				MTL_ENABLE_DEBUG_INFO = YES;
				ONLY_ACTIVE_ARCH = YES;
				SDKROOT = iphoneos;
			};
			name = Debug;
		};
		B8F1B5CD1EE07470004A1E26 /* Release */ = {
			isa = XCBuildConfiguration;
			buildSettings = {
				ALWAYS_SEARCH_USER_PATHS = NO;
				CLANG_ANALYZER_NONNULL = YES;
				CLANG_ANALYZER_NUMBER_OBJECT_CONVERSION = YES_AGGRESSIVE;
				CLANG_CXX_LANGUAGE_STANDARD = "gnu++0x";
				CLANG_CXX_LIBRARY = "libc++";
				CLANG_ENABLE_MODULES = YES;
				CLANG_ENABLE_OBJC_ARC = YES;
				CLANG_WARN_BOOL_CONVERSION = YES;
				CLANG_WARN_CONSTANT_CONVERSION = YES;
				CLANG_WARN_DIRECT_OBJC_ISA_USAGE = YES_ERROR;
				CLANG_WARN_DOCUMENTATION_COMMENTS = YES;
				CLANG_WARN_EMPTY_BODY = YES;
				CLANG_WARN_ENUM_CONVERSION = YES;
				CLANG_WARN_INFINITE_RECURSION = YES;
				CLANG_WARN_INT_CONVERSION = YES;
				CLANG_WARN_OBJC_ROOT_CLASS = YES_ERROR;
				CLANG_WARN_SUSPICIOUS_MOVE = YES;
				CLANG_WARN_UNREACHABLE_CODE = YES;
				CLANG_WARN__DUPLICATE_METHOD_MATCH = YES;
				"CODE_SIGN_IDENTITY[sdk=iphoneos*]" = "iPhone Developer";
				COPY_PHASE_STRIP = NO;
				DEBUG_INFORMATION_FORMAT = "dwarf-with-dsym";
				ENABLE_NS_ASSERTIONS = NO;
				ENABLE_STRICT_OBJC_MSGSEND = YES;
				GCC_C_LANGUAGE_STANDARD = gnu99;
				GCC_NO_COMMON_BLOCKS = YES;
				GCC_WARN_64_TO_32_BIT_CONVERSION = YES;
				GCC_WARN_ABOUT_RETURN_TYPE = YES_ERROR;
				GCC_WARN_UNDECLARED_SELECTOR = YES;
				GCC_WARN_UNINITIALIZED_AUTOS = YES_AGGRESSIVE;
				GCC_WARN_UNUSED_FUNCTION = YES;
				GCC_WARN_UNUSED_VARIABLE = YES;
				IPHONEOS_DEPLOYMENT_TARGET = 10.3;
				MTL_ENABLE_DEBUG_INFO = NO;
				SDKROOT = iphoneos;
				VALIDATE_PRODUCT = YES;
			};
			name = Release;
		};
		B8F1B5CF1EE07470004A1E26 /* Debug */ = {
			isa = XCBuildConfiguration;
			baseConfigurationReference = D01EA5CA1EF3575BAAF9CE72 /* Pods-NIPlayer.debug.xcconfig */;
			buildSettings = {
				ASSETCATALOG_COMPILER_APPICON_NAME = AppIcon;
				DEVELOPMENT_TEAM = SGX7T46YHA;
				INFOPLIST_FILE = NIPlayer/Info.plist;
				LD_RUNPATH_SEARCH_PATHS = "$(inherited) @executable_path/Frameworks";
				PRODUCT_BUNDLE_IDENTIFIER = org.zn.niplayer.NIPlayer;
				PRODUCT_NAME = "$(TARGET_NAME)";
			};
			name = Debug;
		};
		B8F1B5D01EE07470004A1E26 /* Release */ = {
			isa = XCBuildConfiguration;
			baseConfigurationReference = 5A34C09D930CEECE98A98447 /* Pods-NIPlayer.release.xcconfig */;
			buildSettings = {
				ASSETCATALOG_COMPILER_APPICON_NAME = AppIcon;
				DEVELOPMENT_TEAM = SGX7T46YHA;
				INFOPLIST_FILE = NIPlayer/Info.plist;
				LD_RUNPATH_SEARCH_PATHS = "$(inherited) @executable_path/Frameworks";
				PRODUCT_BUNDLE_IDENTIFIER = org.zn.niplayer.NIPlayer;
				PRODUCT_NAME = "$(TARGET_NAME)";
			};
			name = Release;
		};
/* End XCBuildConfiguration section */

/* Begin XCConfigurationList section */
		B8F1B5B21EE07470004A1E26 /* Build configuration list for PBXProject "NIPlayer" */ = {
			isa = XCConfigurationList;
			buildConfigurations = (
				B8F1B5CC1EE07470004A1E26 /* Debug */,
				B8F1B5CD1EE07470004A1E26 /* Release */,
			);
			defaultConfigurationIsVisible = 0;
			defaultConfigurationName = Release;
		};
		B8F1B5CE1EE07470004A1E26 /* Build configuration list for PBXNativeTarget "NIPlayer" */ = {
			isa = XCConfigurationList;
			buildConfigurations = (
				B8F1B5CF1EE07470004A1E26 /* Debug */,
				B8F1B5D01EE07470004A1E26 /* Release */,
			);
			defaultConfigurationIsVisible = 0;
			defaultConfigurationName = Release;
		};
/* End XCConfigurationList section */
	};
	rootObject = B8F1B5AF1EE07470004A1E26 /* Project object */;
}
